
Microsoft Visual Studio Solution File, Format Version 12.00
# Visual Studio Version 16
VisualStudioVersion = 16.0.29926.136
MinimumVisualStudioVersion = 10.0.40219.1
Project("{8BC9CEB8-8B4A-11D0-8D11-00A0C91BC942}") = "Renderer", "Renderer.vcxproj", "{4E480767-B556-4A96-94A7-2197C922EEB0}"
EndProject
Project("{8BC9CEB8-8B4A-11D0-8D11-00A0C91BC942}") = "Common", "Common.vcxproj", "{ABD45FC6-AED5-41F1-8895-8BA12B1367C4}"
EndProject
Project("{8BC9CEB8-8B4A-11D0-8D11-00A0C91BC942}") = "Core", "Core.vcxproj", "{8D16DF7D-5843-4BCC-80FE-B71E4C1AE6D9}"
EndProject
Project("{8BC9CEB8-8B4A-11D0-8D11-00A0C91BC942}") = "Visualization2", "Visualization2\Visualization2.vcxproj", "{00E5CA2B-8FA9-48C1-A788-C8039C00C4C2}"
EndProject
Global
	GlobalSection(SolutionConfigurationPlatforms) = preSolution
		Debug|x64 = Debug|x64
		Debug|x86 = Debug|x86
		Release|x64 = Release|x64
		Release|x86 = Release|x86
	EndGlobalSection
	GlobalSection(ProjectConfigurationPlatforms) = postSolution
		{4E480767-B556-4A96-94A7-2197C922EEB0}.Debug|x64.ActiveCfg = Debug|x64
		{4E480767-B556-4A96-94A7-2197C922EEB0}.Debug|x64.Build.0 = Debug|x64
		{4E480767-B556-4A96-94A7-2197C922EEB0}.Debug|x86.ActiveCfg = Debug|Win32
		{4E480767-B556-4A96-94A7-2197C922EEB0}.Debug|x86.Build.0 = Debug|Win32
		{4E480767-B556-4A96-94A7-2197C922EEB0}.Release|x64.ActiveCfg = Release|x64
		{4E480767-B556-4A96-94A7-2197C922EEB0}.Release|x64.Build.0 = Release|x64
		{4E480767-B556-4A96-94A7-2197C922EEB0}.Release|x86.ActiveCfg = Release|Win32
		{4E480767-B556-4A96-94A7-2197C922EEB0}.Release|x86.Build.0 = Release|Win32
		{ABD45FC6-AED5-41F1-8895-8BA12B1367C4}.Debug|x64.ActiveCfg = Debug|x64
		{ABD45FC6-AED5-41F1-8895-8BA12B1367C4}.Debug|x64.Build.0 = Debug|x64
		{ABD45FC6-AED5-41F1-8895-8BA12B1367C4}.Debug|x86.ActiveCfg = Debug|Win32
		{ABD45FC6-AED5-41F1-8895-8BA12B1367C4}.Debug|x86.Build.0 = Debug|Win32
		{ABD45FC6-AED5-41F1-8895-8BA12B1367C4}.Release|x64.ActiveCfg = Release|x64
		{ABD45FC6-AED5-41F1-8895-8BA12B1367C4}.Release|x64.Build.0 = Release|x64
		{ABD45FC6-AED5-41F1-8895-8BA12B1367C4}.Release|x86.ActiveCfg = Release|Win32
		{ABD45FC6-AED5-41F1-8895-8BA12B1367C4}.Release|x86.Build.0 = Release|Win32
		{8D16DF7D-5843-4BCC-80FE-B71E4C1AE6D9}.Debug|x64.ActiveCfg = Debug|x64
		{8D16DF7D-5843-4BCC-80FE-B71E4C1AE6D9}.Debug|x64.Build.0 = Debug|x64
		{8D16DF7D-5843-4BCC-80FE-B71E4C1AE6D9}.Debug|x86.ActiveCfg = Debug|Win32
		{8D16DF7D-5843-4BCC-80FE-B71E4C1AE6D9}.Debug|x86.Build.0 = Debug|Win32
		{8D16DF7D-5843-4BCC-80FE-B71E4C1AE6D9}.Release|x64.ActiveCfg = Release|x64
		{8D16DF7D-5843-4BCC-80FE-B71E4C1AE6D9}.Release|x64.Build.0 = Release|x64
		{8D16DF7D-5843-4BCC-80FE-B71E4C1AE6D9}.Release|x86.ActiveCfg = Release|Win32
		{8D16DF7D-5843-4BCC-80FE-B71E4C1AE6D9}.Release|x86.Build.0 = Release|Win32
		{00E5CA2B-8FA9-48C1-A788-C8039C00C4C2}.Debug|x64.ActiveCfg = Debug|x64
		{00E5CA2B-8FA9-48C1-A788-C8039C00C4C2}.Debug|x64.Build.0 = Debug|x64
		{00E5CA2B-8FA9-48C1-A788-C8039C00C4C2}.Debug|x86.ActiveCfg = Debug|Win32
		{00E5CA2B-8FA9-48C1-A788-C8039C00C4C2}.Debug|x86.Build.0 = Debug|Win32
		{00E5CA2B-8FA9-48C1-A788-C8039C00C4C2}.Release|x64.ActiveCfg = Release|x64
		{00E5CA2B-8FA9-48C1-A788-C8039C00C4C2}.Release|x64.Build.0 = Release|x64
		{00E5CA2B-8FA9-48C1-A788-C8039C00C4C2}.Release|x86.ActiveCfg = Release|Win32
		{00E5CA2B-8FA9-48C1-A788-C8039C00C4C2}.Release|x86.Build.0 = Release|Win32
	EndGlobalSection
	GlobalSection(SolutionProperties) = preSolution
		HideSolutionNode = FALSE
	EndGlobalSection
	GlobalSection(ExtensibilityGlobals) = postSolution
		SolutionGuid = {AB9EB780-B670-445D-84FA-422AB7DB6410}
	EndGlobalSection
EndGlobal
