<?xml version="1.0" encoding="utf-8"?>
<Project ToolsVersion="4.0" xmlns="http://schemas.microsoft.com/developer/msbuild/2003">
  <ItemGroup>
    <Filter Include="Source Files">
      <UniqueIdentifier>{4FC737F1-C7A5-4376-A066-2A32D752A2FF}</UniqueIdentifier>
      <Extensions>cpp;c;cc;cxx;def;odl;idl;hpj;bat;asm;asmx</Extensions>
    </Filter>
    <Filter Include="Header Files">
      <UniqueIdentifier>{93995380-89BD-4b04-88EB-625FBE52EBFB}</UniqueIdentifier>
      <Extensions>h;hh;hpp;hxx;hm;inl;inc;ipp;xsd</Extensions>
    </Filter>
    <Filter Include="Resource Files">
      <UniqueIdentifier>{67DA6AB6-F800-4c08-8B7A-83BB121AAD01}</UniqueIdentifier>
      <Extensions>rc;ico;cur;bmp;dlg;rc2;rct;bin;rgs;gif;jpg;jpeg;jpe;resx;tiff;tif;png;wav;mfcribbon-ms</Extensions>
    </Filter>
    <Filter Include="Header Files\PAL">
      <UniqueIdentifier>{d4e30cc5-2ec4-466e-b5a6-fa22c835ca8e}</UniqueIdentifier>
    </Filter>
    <Filter Include="Source Files\PAL">
      <UniqueIdentifier>{aa3a871e-b48a-4f2d-bc1b-7de143c9db4e}</UniqueIdentifier>
    </Filter>
    <Filter Include="Shaders">
      <UniqueIdentifier>{3a6da605-4282-4bb1-9f06-b8dc9178a5dd}</UniqueIdentifier>
      <Extensions>hlsl</Extensions>
    </Filter>
  </ItemGroup>
  <ItemGroup>
    <ClInclude Include="Include\Renderer\Renderer_Precomp.h">
      <Filter>Header Files</Filter>
    </ClInclude>
    <ClInclude Include="Include\Renderer\targetver.h">
      <Filter>Header Files</Filter>
    </ClInclude>
    <ClInclude Include="Include\Renderer\PAL\WinRenderer.h">
      <Filter>Header Files\PAL</Filter>
    </ClInclude>
    <ClInclude Include="Include\Renderer\Renderer.h">
      <Filter>Header Files</Filter>
    </ClInclude>
    <ClInclude Include="Include\Renderer\Events.h">
      <Filter>Header Files</Filter>
    </ClInclude>
    <ClInclude Include="Include\Renderer\RendererFwd.h">
      <Filter>Header Files</Filter>
    </ClInclude>
    <ClInclude Include="Include\Renderer\PAL\d3dx12.h">
      <Filter>Header Files\PAL</Filter>
    </ClInclude>
    <ClInclude Include="Include\Renderer\PAL\WinRendererParameters.h">
      <Filter>Header Files\PAL</Filter>
    </ClInclude>
    <ClInclude Include="Include\Renderer\BaseRenderer.h">
      <Filter>Header Files</Filter>
    </ClInclude>
    <ClInclude Include="Include\Renderer\RendererParametersFwd.h">
      <Filter>Header Files</Filter>
    </ClInclude>
    <ClInclude Include="Include\Renderer\RendererParameters.h">
      <Filter>Header Files</Filter>
    </ClInclude>
    <ClInclude Include="Include\Renderer\PAL\imgui_impl_dx12.h">
      <Filter>Header Files\PAL</Filter>
    </ClInclude>
    <ClInclude Include="Include\Renderer\PAL\imgui_impl_win32.h">
      <Filter>Header Files\PAL</Filter>
    </ClInclude>
    <ClInclude Include="Include\Renderer\AppRenderer.h">
      <Filter>Header Files</Filter>
    </ClInclude>
    <ClInclude Include="Include\Renderer\Camera.h">
      <Filter>Header Files</Filter>
    </ClInclude>
    <ClInclude Include="Include\Renderer\PAL\RtvDescriptorHeap.h">
      <Filter>Header Files\PAL</Filter>
    </ClInclude>
    <ClInclude Include="Include\Renderer\DataSet.h">
      <Filter>Header Files</Filter>
    </ClInclude>
    <ClInclude Include="Include\Renderer\Texture.h">
      <Filter>Header Files</Filter>
    </ClInclude>
    <ClInclude Include="Include\Renderer\TextureManager.h">
      <Filter>Header Files</Filter>
    </ClInclude>
    <ClInclude Include="Include\Renderer\BaseTexture.h">
      <Filter>Header Files</Filter>
    </ClInclude>
    <ClInclude Include="Include\Renderer\PAL\DescriptorHeap.h">
      <Filter>Header Files\PAL</Filter>
    </ClInclude>
    <ClInclude Include="Include\Renderer\PAL\WinTextureManager.h">
      <Filter>Header Files\PAL</Filter>
    </ClInclude>
    <ClInclude Include="Include\Renderer\TextureManagerFwd.h">
      <Filter>Header Files</Filter>
    </ClInclude>
    <ClInclude Include="Include\Renderer\PAL\GpuTexture.h">
      <Filter>Header Files\PAL</Filter>
    </ClInclude>
    <ClInclude Include="Include\Renderer\PAL\TextureResource.h">
      <Filter>Header Files\PAL</Filter>
    </ClInclude>
    <ClInclude Include="Include\Renderer\BaseTextureManager.h">
      <Filter>Header Files</Filter>
    </ClInclude>
  </ItemGroup>
  <ItemGroup>
    <ClCompile Include="Source\Renderer\Renderer_Precomp.cpp">
      <Filter>Source Files</Filter>
    </ClCompile>
    <ClCompile Include="Source\Renderer\PAL\WinRenderer.cpp">
      <Filter>Source Files\PAL</Filter>
    </ClCompile>
    <ClCompile Include="Source\Renderer\BaseRenderer.cpp">
      <Filter>Source Files</Filter>
    </ClCompile>
    <ClCompile Include="Source\Renderer\PAL\imgui_impl_dx12.cpp">
      <Filter>Source Files\PAL</Filter>
    </ClCompile>
    <ClCompile Include="Source\Renderer\PAL\imgui_impl_win32.cpp">
      <Filter>Source Files\PAL</Filter>
    </ClCompile>
    <ClCompile Include="Source\Renderer\AppRenderer.cpp">
      <Filter>Source Files</Filter>
    </ClCompile>
    <ClCompile Include="Source\Renderer\Camera.cpp">
      <Filter>Source Files</Filter>
    </ClCompile>
    <ClCompile Include="Source\Renderer\PAL\RtvDescriptorHeap.cpp">
      <Filter>Source Files\PAL</Filter>
    </ClCompile>
    <ClCompile Include="Source\Renderer\DataSet.cpp">
      <Filter>Source Files</Filter>
    </ClCompile>
    <ClCompile Include="Source\Renderer\TextureManager.cpp">
      <Filter>Source Files</Filter>
    </ClCompile>
    <ClCompile Include="Source\Renderer\BaseTexture.cpp">
      <Filter>Source Files</Filter>
    </ClCompile>
    <ClCompile Include="Source\Renderer\PAL\DescriptorHeap.cpp">
      <Filter>Source Files\PAL</Filter>
    </ClCompile>
    <ClCompile Include="Source\Renderer\PAL\WinTextureManager.cpp">
      <Filter>Source Files\PAL</Filter>
    </ClCompile>
    <ClCompile Include="Source\Renderer\BaseTextureManager.cpp">
      <Filter>Source Files</Filter>
    </ClCompile>
    <ClCompile Include="Source\Renderer\PAL\GpuTexture.cpp">
      <Filter>Source Files\PAL</Filter>
    </ClCompile>
  </ItemGroup>
  <ItemGroup>
    <DXCShader Include="Shaders\GUI_ps.hlsl">
      <Filter>Shaders</Filter>
    </DXCShader>
    <DXCShader Include="Shaders\GUI_vs.hlsl">
      <Filter>Shaders</Filter>
    </DXCShader>
    <DXCShader Include="Shaders\Guides_ps.hlsl">
      <Filter>Shaders</Filter>
    </DXCShader>
    <DXCShader Include="Shaders\Guides_vs.hlsl">
      <Filter>Shaders</Filter>
    </DXCShader>
    <DXCShader Include="Shaders\Initialization_cs.hlsl">
      <Filter>Shaders</Filter>
    </DXCShader>
    <DXCShader Include="Shaders\OrthographicXRay_ps.hlsl">
      <Filter>Shaders</Filter>
    </DXCShader>
    <DXCShader Include="Shaders\OrthographicXRay_vs.hlsl">
      <Filter>Shaders</Filter>
    </DXCShader>
    <DXCShader Include="Shaders\Propagation_cs.hlsl">
      <Filter>Shaders</Filter>
    </DXCShader>
    <DXCShader Include="Shaders\Imposter_vs.hlsl">
      <Filter>Shaders</Filter>
    </DXCShader>
    <DXCShader Include="Shaders\Imposter_ps.hlsl">
      <Filter>Shaders</Filter>
    </DXCShader>
  </ItemGroup>
</Project>