<?xml version="1.0" encoding="utf-8"?>
<Project ToolsVersion="4.0" xmlns="http://schemas.microsoft.com/developer/msbuild/2003">
  <ItemGroup>
    <Filter Include="Source Files">
      <UniqueIdentifier>{4FC737F1-C7A5-4376-A066-2A32D752A2FF}</UniqueIdentifier>
      <Extensions>cpp;c;cc;cxx;c++;def;odl;idl;hpj;bat;asm;asmx</Extensions>
    </Filter>
    <Filter Include="Header Files">
      <UniqueIdentifier>{93995380-89BD-4b04-88EB-625FBE52EBFB}</UniqueIdentifier>
      <Extensions>h;hh;hpp;hxx;h++;hm;inl;inc;ipp;xsd</Extensions>
    </Filter>
    <Filter Include="Resource Files">
      <UniqueIdentifier>{67DA6AB6-F800-4c08-8B7A-83BB121AAD01}</UniqueIdentifier>
      <Extensions>rc;ico;cur;bmp;dlg;rc2;rct;bin;rgs;gif;jpg;jpeg;jpe;resx;tiff;tif;png;wav;mfcribbon-ms</Extensions>
    </Filter>
    <Filter Include="Header Files\ImGui">
      <UniqueIdentifier>{1c93f5cc-7ca8-45f4-a155-6f692a4bd5aa}</UniqueIdentifier>
    </Filter>
    <Filter Include="Source Files\ImGui">
      <UniqueIdentifier>{601ca5fb-d1b5-4bab-ad79-bd88a773c6b1}</UniqueIdentifier>
    </Filter>
    <Filter Include="Fonts">
      <UniqueIdentifier>{46b52850-4a5d-45c0-b4fa-e9732bbf57e1}</UniqueIdentifier>
    </Filter>
  </ItemGroup>
  <ItemGroup>
    <ClInclude Include="Include\UI\UI_Precomp.h">
      <Filter>Header Files</Filter>
    </ClInclude>
    <ClInclude Include="Include\UI\ImGui\imconfig.h">
      <Filter>Header Files\ImGui</Filter>
    </ClInclude>
    <ClInclude Include="Include\UI\ImGui\imgui.h">
      <Filter>Header Files\ImGui</Filter>
    </ClInclude>
    <ClInclude Include="Include\UI\ImGui\imgui_internal.h">
      <Filter>Header Files\ImGui</Filter>
    </ClInclude>
    <ClInclude Include="Include\UI\ImGui\imstb_rectpack.h">
      <Filter>Header Files\ImGui</Filter>
    </ClInclude>
    <ClInclude Include="Include\UI\ImGui\imstb_textedit.h">
      <Filter>Header Files\ImGui</Filter>
    </ClInclude>
    <ClInclude Include="Include\UI\ImGui\imstb_truetype.h">
      <Filter>Header Files\ImGui</Filter>
    </ClInclude>
    <ClInclude Include="Include\UI\ImGui\imgui_plot.h">
      <Filter>Header Files\ImGui</Filter>
    </ClInclude>
    <ClInclude Include="Include\UI\ImGui\ImGuiHelpers.h">
      <Filter>Header Files\ImGui</Filter>
    </ClInclude>
  </ItemGroup>
  <ItemGroup>
    <ClCompile Include="Source\UI\UI_Precomp.cpp">
      <Filter>Source Files</Filter>
    </ClCompile>
    <ClCompile Include="Source\UI\ImGui\imgui.cpp">
      <Filter>Source Files\ImGui</Filter>
    </ClCompile>
    <ClCompile Include="Source\UI\ImGui\imgui_draw.cpp">
      <Filter>Source Files\ImGui</Filter>
    </ClCompile>
    <ClCompile Include="Source\UI\ImGui\imgui_widgets.cpp">
      <Filter>Source Files\ImGui</Filter>
    </ClCompile>
    <ClCompile Include="Source\UI\ImGui\imgui_plot.cpp">
      <Filter>Source Files\ImGui</Filter>
    </ClCompile>
    <ClCompile Include="Source\UI\ImGui\ImGuiHelpers.cpp">
      <Filter>Source Files\ImGui</Filter>
    </ClCompile>
  </ItemGroup>
  <ItemGroup>
    <Font Include="Assets\Fonts\OpenSans-Light.ttf">
      <Filter>Fonts</Filter>
    </Font>
    <Font Include="Assets\Fonts\OpenSans-Regular.ttf">
      <Filter>Fonts</Filter>
    </Font>
    <Font Include="Assets\Fonts\OpenSans-Semibold.ttf">
      <Filter>Fonts</Filter>
    </Font>
    <Font Include="Assets\Fonts\OpenSans-Bold.ttf">
      <Filter>Fonts</Filter>
    </Font>
  </ItemGroup>
  <ItemGroup>
    <Text Include="Assets\Fonts\LICENSE.txt">
      <Filter>Fonts</Filter>
    </Text>
  </ItemGroup>
</Project>