<?xml version="1.0" encoding="utf-8"?>
<Project ToolsVersion="4.0" xmlns="http://schemas.microsoft.com/developer/msbuild/2003">
  <ItemGroup>
    <Filter Include="Source Files">
      <UniqueIdentifier>{4FC737F1-C7A5-4376-A066-2A32D752A2FF}</UniqueIdentifier>
      <Extensions>cpp;c;cc;cxx;c++;def;odl;idl;hpj;bat;asm;asmx</Extensions>
    </Filter>
    <Filter Include="Header Files">
      <UniqueIdentifier>{93995380-89BD-4b04-88EB-625FBE52EBFB}</UniqueIdentifier>
      <Extensions>h;hh;hpp;hxx;h++;hm;inl;inc;ipp;xsd</Extensions>
    </Filter>
    <Filter Include="Resource Files">
      <UniqueIdentifier>{67DA6AB6-F800-4c08-8B7A-83BB121AAD01}</UniqueIdentifier>
      <Extensions>rc;ico;cur;bmp;dlg;rc2;rct;bin;rgs;gif;jpg;jpeg;jpe;resx;tiff;tif;png;wav;mfcribbon-ms</Extensions>
    </Filter>
  </ItemGroup>
  <ItemGroup>
    <ClInclude Include="Visualization2.h">
      <Filter>Header Files</Filter>
    </ClInclude>
    <ClInclude Include="Visualization2Dlg.h">
      <Filter>Header Files</Filter>
    </ClInclude>
    <ClInclude Include="framework.h">
      <Filter>Header Files</Filter>
    </ClInclude>
    <ClInclude Include="targetver.h">
      <Filter>Header Files</Filter>
    </ClInclude>
    <ClInclude Include="Resource.h">
      <Filter>Header Files</Filter>
    </ClInclude>
    <ClInclude Include="pch.h">
      <Filter>Header Files</Filter>
    </ClInclude>
    <ClInclude Include="CLogEdit.h">
      <Filter>Header Files</Filter>
    </ClInclude>
    <ClInclude Include="LogHandler.h">
      <Filter>Header Files</Filter>
    </ClInclude>
    <ClInclude Include="Visualization2Renderer.h">
      <Filter>Header Files</Filter>
    </ClInclude>
    <ClInclude Include="DataSet.h">
      <Filter>Header Files</Filter>
    </ClInclude>
    <ClInclude Include="Image.h">
      <Filter>Header Files</Filter>
    </ClInclude>
    <ClInclude Include="TextureResource.h">
      <Filter>Header Files</Filter>
    </ClInclude>
    <ClInclude Include="Preintegration.h">
      <Filter>Header Files</Filter>
    </ClInclude>
    <ClInclude Include="PitImage.h">
      <Filter>Header Files</Filter>
    </ClInclude>
    <ClInclude Include="MainShader.h">
      <Filter>Header Files</Filter>
    </ClInclude>
    <ClInclude Include="Visualization2Updatable.h">
      <Filter>Header Files</Filter>
    </ClInclude>
    <ClInclude Include="PitCollection.h">
      <Filter>Header Files</Filter>
    </ClInclude>
    <ClInclude Include="InitializationShader.h">
      <Filter>Source Files</Filter>
    </ClInclude>
    <ClInclude Include="ComputeBuffers.h">
      <Filter>Source Files</Filter>
    </ClInclude>
    <ClInclude Include="PropagationShader.h">
      <Filter>Header Files</Filter>
    </ClInclude>
  </ItemGroup>
  <ItemGroup>
    <ClCompile Include="Visualization2.cpp">
      <Filter>Source Files</Filter>
    </ClCompile>
    <ClCompile Include="Visualization2Dlg.cpp">
      <Filter>Source Files</Filter>
    </ClCompile>
    <ClCompile Include="pch.cpp">
      <Filter>Source Files</Filter>
    </ClCompile>
    <ClCompile Include="CLogEdit.cpp">
      <Filter>Source Files</Filter>
    </ClCompile>
    <ClCompile Include="LogHandler.cpp">
      <Filter>Source Files</Filter>
    </ClCompile>
    <ClCompile Include="Visualization2Renderer.cpp">
      <Filter>Source Files</Filter>
    </ClCompile>
    <ClCompile Include="DataSet.cpp">
      <Filter>Source Files</Filter>
    </ClCompile>
    <ClCompile Include="Image.cpp">
      <Filter>Source Files</Filter>
    </ClCompile>
    <ClCompile Include="PitImage.cpp">
      <Filter>Source Files</Filter>
    </ClCompile>
    <ClCompile Include="Preintegration.cpp">
      <Filter>Source Files</Filter>
    </ClCompile>
    <ClCompile Include="MainShader.cpp">
      <Filter>Source Files</Filter>
    </ClCompile>
    <ClCompile Include="Visualization2Updatable.cpp">
      <Filter>Source Files</Filter>
    </ClCompile>
    <ClCompile Include="PitCollection.cpp">
      <Filter>Source Files</Filter>
    </ClCompile>
    <ClCompile Include="InitializationShader.cpp">
      <Filter>Source Files</Filter>
    </ClCompile>
    <ClCompile Include="ComputeBuffers.cpp">
      <Filter>Source Files</Filter>
    </ClCompile>
  </ItemGroup>
  <ItemGroup>
    <ResourceCompile Include="Visualization2.rc">
      <Filter>Resource Files</Filter>
    </ResourceCompile>
  </ItemGroup>
  <ItemGroup>
    <None Include="res\Visualization2.rc2">
      <Filter>Resource Files</Filter>
    </None>
    <None Include="..\packages.config" />
  </ItemGroup>
  <ItemGroup>
    <Image Include="res\Visualization2.ico">
      <Filter>Resource Files</Filter>
    </Image>
  </ItemGroup>
</Project>